
Microsoft Visual Studio Solution File, Format Version 12.00
Project("{FAE04EC0-301F-11D3-BF4B-00C04F79EFBC}") = "Api", "Api\Api.csproj", "{73FAB233-6A8D-4DF0-ACAB-0EA87648CA3E}"
EndProject
Project("{FAE04EC0-301F-11D3-BF4B-00C04F79EFBC}") = "ApiTests", "ApiTests\ApiTests.csproj", "{B7262D5C-DD27-4195-9379-7D3920F92FAD}"
EndProject
Global
	GlobalSection(SolutionConfigurationPlatforms) = preSolution
		Debug|Any CPU = Debug|Any CPU
		Release|Any CPU = Release|Any CPU
	EndGlobalSection
	GlobalSection(ProjectConfigurationPlatforms) = postSolution
		{73FAB233-6A8D-4DF0-ACAB-0EA87648CA3E}.Debug|Any CPU.ActiveCfg = Debug|Any CPU
		{73FAB233-6A8D-4DF0-ACAB-0EA87648CA3E}.Debug|Any CPU.Build.0 = Debug|Any CPU
		{73FAB233-6A8D-4DF0-ACAB-0EA87648CA3E}.Release|Any CPU.ActiveCfg = Release|Any CPU
		{73FAB233-6A8D-4DF0-ACAB-0EA87648CA3E}.Release|Any CPU.Build.0 = Release|Any CPU
		{B7262D5C-DD27-4195-9379-7D3920F92FAD}.Debug|Any CPU.ActiveCfg = Debug|Any CPU
		{B7262D5C-DD27-4195-9379-7D3920F92FAD}.Debug|Any CPU.Build.0 = Debug|Any CPU
		{B7262D5C-DD27-4195-9379-7D3920F92FAD}.Release|Any CPU.ActiveCfg = Release|Any CPU
		{B7262D5C-DD27-4195-9379-7D3920F92FAD}.Release|Any CPU.Build.0 = Release|Any CPU
	EndGlobalSection
EndGlobal
